// !$*UTF8*$!
{
	archiveVersion = 1;
	classes = {
	};
	objectVersion = 56;
	objects = {

/* Begin PBXBuildFile section */
		96D269852AB76196000CCE20 /* TodoListApp.swift in Sources */ = {isa = PBXBuildFile; fileRef = 96D269842AB76196000CCE20 /* TodoListApp.swift */; };
		96D269892AB76197000CCE20 /* Assets.xcassets in Resources */ = {isa = PBXBuildFile; fileRef = 96D269882AB76197000CCE20 /* Assets.xcassets */; };
		96D2698C2AB76197000CCE20 /* Preview Assets.xcassets in Resources */ = {isa = PBXBuildFile; fileRef = 96D2698B2AB76197000CCE20 /* Preview Assets.xcassets */; };
		96D269962AB76197000CCE20 /* TodoListTests.swift in Sources */ = {isa = PBXBuildFile; fileRef = 96D269952AB76197000CCE20 /* TodoListTests.swift */; };
		96D269A02AB76197000CCE20 /* TodoListUITests.swift in Sources */ = {isa = PBXBuildFile; fileRef = 96D2699F2AB76197000CCE20 /* TodoListUITests.swift */; };
		96D269A22AB76197000CCE20 /* TodoListUITestsLaunchTests.swift in Sources */ = {isa = PBXBuildFile; fileRef = 96D269A12AB76197000CCE20 /* TodoListUITestsLaunchTests.swift */; };
		96D269B02AB769B9000CCE20 /* ListView.swift in Sources */ = {isa = PBXBuildFile; fileRef = 96D269AF2AB769B9000CCE20 /* ListView.swift */; };
		96D269B42AB7703F000CCE20 /* ListRowView.swift in Sources */ = {isa = PBXBuildFile; fileRef = 96D269B32AB7703F000CCE20 /* ListRowView.swift */; };
		96D269B62AB774FF000CCE20 /* AddView.swift in Sources */ = {isa = PBXBuildFile; fileRef = 96D269B52AB774FF000CCE20 /* AddView.swift */; };
		96D269B92AB81426000CCE20 /* ItemModel.swift in Sources */ = {isa = PBXBuildFile; fileRef = 96D269B82AB81426000CCE20 /* ItemModel.swift */; };
		96D269BC2AB8A02D000CCE20 /* ListViewModel.swift in Sources */ = {isa = PBXBuildFile; fileRef = 96D269BB2AB8A02D000CCE20 /* ListViewModel.swift */; };
		96D269BE2AB9E542000CCE20 /* NoItemsView.swift in Sources */ = {isa = PBXBuildFile; fileRef = 96D269BD2AB9E542000CCE20 /* NoItemsView.swift */; };
		96D269C02AB9F67E000CCE20 /* Launch Screen.storyboard in Resources */ = {isa = PBXBuildFile; fileRef = 96D269BF2AB9F67E000CCE20 /* Launch Screen.storyboard */; };
/* End PBXBuildFile section */

/* Begin PBXContainerItemProxy section */
		96D269922AB76197000CCE20 /* PBXContainerItemProxy */ = {
			isa = PBXContainerItemProxy;
			containerPortal = 96D269792AB76196000CCE20 /* Project object */;
			proxyType = 1;
			remoteGlobalIDString = 96D269802AB76196000CCE20;
			remoteInfo = TodoList;
		};
		96D2699C2AB76197000CCE20 /* PBXContainerItemProxy */ = {
			isa = PBXContainerItemProxy;
			containerPortal = 96D269792AB76196000CCE20 /* Project object */;
			proxyType = 1;
			remoteGlobalIDString = 96D269802AB76196000CCE20;
			remoteInfo = TodoList;
		};
/* End PBXContainerItemProxy section */

/* Begin PBXFileReference section */
		96D269812AB76196000CCE20 /* TodoList.app */ = {isa = PBXFileReference; explicitFileType = wrapper.application; includeInIndex = 0; path = TodoList.app; sourceTree = BUILT_PRODUCTS_DIR; };
		96D269842AB76196000CCE20 /* TodoListApp.swift */ = {isa = PBXFileReference; lastKnownFileType = sourcecode.swift; path = TodoListApp.swift; sourceTree = "<group>"; };
		96D269882AB76197000CCE20 /* Assets.xcassets */ = {isa = PBXFileReference; lastKnownFileType = folder.assetcatalog; path = Assets.xcassets; sourceTree = "<group>"; };
		96D2698B2AB76197000CCE20 /* Preview Assets.xcassets */ = {isa = PBXFileReference; lastKnownFileType = folder.assetcatalog; path = "Preview Assets.xcassets"; sourceTree = "<group>"; };
		96D269912AB76197000CCE20 /* TodoListTests.xctest */ = {isa = PBXFileReference; explicitFileType = wrapper.cfbundle; includeInIndex = 0; path = TodoListTests.xctest; sourceTree = BUILT_PRODUCTS_DIR; };
		96D269952AB76197000CCE20 /* TodoListTests.swift */ = {isa = PBXFileReference; lastKnownFileType = sourcecode.swift; path = TodoListTests.swift; sourceTree = "<group>"; };
		96D2699B2AB76197000CCE20 /* TodoListUITests.xctest */ = {isa = PBXFileReference; explicitFileType = wrapper.cfbundle; includeInIndex = 0; path = TodoListUITests.xctest; sourceTree = BUILT_PRODUCTS_DIR; };
		96D2699F2AB76197000CCE20 /* TodoListUITests.swift */ = {isa = PBXFileReference; lastKnownFileType = sourcecode.swift; path = TodoListUITests.swift; sourceTree = "<group>"; };
		96D269A12AB76197000CCE20 /* TodoListUITestsLaunchTests.swift */ = {isa = PBXFileReference; lastKnownFileType = sourcecode.swift; path = TodoListUITestsLaunchTests.swift; sourceTree = "<group>"; };
		96D269AF2AB769B9000CCE20 /* ListView.swift */ = {isa = PBXFileReference; lastKnownFileType = sourcecode.swift; path = ListView.swift; sourceTree = "<group>"; };
		96D269B32AB7703F000CCE20 /* ListRowView.swift */ = {isa = PBXFileReference; lastKnownFileType = sourcecode.swift; path = ListRowView.swift; sourceTree = "<group>"; };
		96D269B52AB774FF000CCE20 /* AddView.swift */ = {isa = PBXFileReference; lastKnownFileType = sourcecode.swift; path = AddView.swift; sourceTree = "<group>"; };
		96D269B82AB81426000CCE20 /* ItemModel.swift */ = {isa = PBXFileReference; lastKnownFileType = sourcecode.swift; path = ItemModel.swift; sourceTree = "<group>"; };
		96D269BB2AB8A02D000CCE20 /* ListViewModel.swift */ = {isa = PBXFileReference; lastKnownFileType = sourcecode.swift; path = ListViewModel.swift; sourceTree = "<group>"; };
		96D269BD2AB9E542000CCE20 /* NoItemsView.swift */ = {isa = PBXFileReference; lastKnownFileType = sourcecode.swift; path = NoItemsView.swift; sourceTree = "<group>"; };
		96D269BF2AB9F67E000CCE20 /* Launch Screen.storyboard */ = {isa = PBXFileReference; lastKnownFileType = file.storyboard; path = "Launch Screen.storyboard"; sourceTree = "<group>"; };
/* End PBXFileReference section */

/* Begin PBXFrameworksBuildPhase section */
		96D2697E2AB76196000CCE20 /* Frameworks */ = {
			isa = PBXFrameworksBuildPhase;
			buildActionMask = 2147483647;
			files = (
			);
			runOnlyForDeploymentPostprocessing = 0;
		};
		96D2698E2AB76197000CCE20 /* Frameworks */ = {
			isa = PBXFrameworksBuildPhase;
			buildActionMask = 2147483647;
			files = (
			);
			runOnlyForDeploymentPostprocessing = 0;
		};
		96D269982AB76197000CCE20 /* Frameworks */ = {
			isa = PBXFrameworksBuildPhase;
			buildActionMask = 2147483647;
			files = (
			);
			runOnlyForDeploymentPostprocessing = 0;
		};
/* End PBXFrameworksBuildPhase section */

/* Begin PBXGroup section */
		96D269782AB76196000CCE20 = {
			isa = PBXGroup;
			children = (
				96D269832AB76196000CCE20 /* TodoList */,
				96D269942AB76197000CCE20 /* TodoListTests */,
				96D2699E2AB76197000CCE20 /* TodoListUITests */,
				96D269822AB76196000CCE20 /* Products */,
			);
			sourceTree = "<group>";
		};
		96D269822AB76196000CCE20 /* Products */ = {
			isa = PBXGroup;
			children = (
				96D269812AB76196000CCE20 /* TodoList.app */,
				96D269912AB76197000CCE20 /* TodoListTests.xctest */,
				96D2699B2AB76197000CCE20 /* TodoListUITests.xctest */,
			);
			name = Products;
			sourceTree = "<group>";
		};
		96D269832AB76196000CCE20 /* TodoList */ = {
			isa = PBXGroup;
			children = (
				96D269842AB76196000CCE20 /* TodoListApp.swift */,
				96D269BA2AB8A007000CCE20 /* ViewModels */,
				96D269B72AB81410000CCE20 /* Models */,
				96D269AE2AB7698D000CCE20 /* Views */,
				96D269882AB76197000CCE20 /* Assets.xcassets */,
				96D2698A2AB76197000CCE20 /* Preview Content */,
			);
			path = TodoList;
			sourceTree = "<group>";
		};
		96D2698A2AB76197000CCE20 /* Preview Content */ = {
			isa = PBXGroup;
			children = (
				96D2698B2AB76197000CCE20 /* Preview Assets.xcassets */,
			);
			path = "Preview Content";
			sourceTree = "<group>";
		};
		96D269942AB76197000CCE20 /* TodoListTests */ = {
			isa = PBXGroup;
			children = (
				96D269952AB76197000CCE20 /* TodoListTests.swift */,
			);
			path = TodoListTests;
			sourceTree = "<group>";
		};
		96D2699E2AB76197000CCE20 /* TodoListUITests */ = {
			isa = PBXGroup;
			children = (
				96D2699F2AB76197000CCE20 /* TodoListUITests.swift */,
				96D269A12AB76197000CCE20 /* TodoListUITestsLaunchTests.swift */,
			);
			path = TodoListUITests;
			sourceTree = "<group>";
		};
		96D269AE2AB7698D000CCE20 /* Views */ = {
			isa = PBXGroup;
			children = (
				96D269AF2AB769B9000CCE20 /* ListView.swift */,
				96D269B32AB7703F000CCE20 /* ListRowView.swift */,
				96D269B52AB774FF000CCE20 /* AddView.swift */,
				96D269BD2AB9E542000CCE20 /* NoItemsView.swift */,
				96D269BF2AB9F67E000CCE20 /* Launch Screen.storyboard */,
			);
			path = Views;
			sourceTree = "<group>";
		};
		96D269B72AB81410000CCE20 /* Models */ = {
			isa = PBXGroup;
			children = (
				96D269B82AB81426000CCE20 /* ItemModel.swift */,
			);
			path = Models;
			sourceTree = "<group>";
		};
		96D269BA2AB8A007000CCE20 /* ViewModels */ = {
			isa = PBXGroup;
			children = (
				96D269BB2AB8A02D000CCE20 /* ListViewModel.swift */,
			);
			path = ViewModels;
			sourceTree = "<group>";
		};
/* End PBXGroup section */

/* Begin PBXNativeTarget section */
		96D269802AB76196000CCE20 /* TodoList */ = {
			isa = PBXNativeTarget;
			buildConfigurationList = 96D269A52AB76197000CCE20 /* Build configuration list for PBXNativeTarget "TodoList" */;
			buildPhases = (
				96D2697D2AB76196000CCE20 /* Sources */,
				96D2697E2AB76196000CCE20 /* Frameworks */,
				96D2697F2AB76196000CCE20 /* Resources */,
			);
			buildRules = (
			);
			dependencies = (
			);
			name = TodoList;
			productName = TodoList;
			productReference = 96D269812AB76196000CCE20 /* TodoList.app */;
			productType = "com.apple.product-type.application";
		};
		96D269902AB76197000CCE20 /* TodoListTests */ = {
			isa = PBXNativeTarget;
			buildConfigurationList = 96D269A82AB76197000CCE20 /* Build configuration list for PBXNativeTarget "TodoListTests" */;
			buildPhases = (
				96D2698D2AB76197000CCE20 /* Sources */,
				96D2698E2AB76197000CCE20 /* Frameworks */,
				96D2698F2AB76197000CCE20 /* Resources */,
			);
			buildRules = (
			);
			dependencies = (
				96D269932AB76197000CCE20 /* PBXTargetDependency */,
			);
			name = TodoListTests;
			productName = TodoListTests;
			productReference = 96D269912AB76197000CCE20 /* TodoListTests.xctest */;
			productType = "com.apple.product-type.bundle.unit-test";
		};
		96D2699A2AB76197000CCE20 /* TodoListUITests */ = {
			isa = PBXNativeTarget;
			buildConfigurationList = 96D269AB2AB76197000CCE20 /* Build configuration list for PBXNativeTarget "TodoListUITests" */;
			buildPhases = (
				96D269972AB76197000CCE20 /* Sources */,
				96D269982AB76197000CCE20 /* Frameworks */,
				96D269992AB76197000CCE20 /* Resources */,
			);
			buildRules = (
			);
			dependencies = (
				96D2699D2AB76197000CCE20 /* PBXTargetDependency */,
			);
			name = TodoListUITests;
			productName = TodoListUITests;
			productReference = 96D2699B2AB76197000CCE20 /* TodoListUITests.xctest */;
			productType = "com.apple.product-type.bundle.ui-testing";
		};
/* End PBXNativeTarget section */

/* Begin PBXProject section */
		96D269792AB76196000CCE20 /* Project object */ = {
			isa = PBXProject;
			attributes = {
				BuildIndependentTargetsInParallel = 1;
				LastSwiftUpdateCheck = 1500;
				LastUpgradeCheck = 1500;
				TargetAttributes = {
					96D269802AB76196000CCE20 = {
						CreatedOnToolsVersion = 15.0;
					};
					96D269902AB76197000CCE20 = {
						CreatedOnToolsVersion = 15.0;
						TestTargetID = 96D269802AB76196000CCE20;
					};
					96D2699A2AB76197000CCE20 = {
						CreatedOnToolsVersion = 15.0;
						TestTargetID = 96D269802AB76196000CCE20;
					};
				};
			};
			buildConfigurationList = 96D2697C2AB76196000CCE20 /* Build configuration list for PBXProject "TodoList" */;
			compatibilityVersion = "Xcode 14.0";
			developmentRegion = en;
			hasScannedForEncodings = 0;
			knownRegions = (
				en,
				Base,
			);
			mainGroup = 96D269782AB76196000CCE20;
			productRefGroup = 96D269822AB76196000CCE20 /* Products */;
			projectDirPath = "";
			projectRoot = "";
			targets = (
				96D269802AB76196000CCE20 /* TodoList */,
				96D269902AB76197000CCE20 /* TodoListTests */,
				96D2699A2AB76197000CCE20 /* TodoListUITests */,
			);
		};
/* End PBXProject section */

/* Begin PBXResourcesBuildPhase section */
		96D2697F2AB76196000CCE20 /* Resources */ = {
			isa = PBXResourcesBuildPhase;
			buildActionMask = 2147483647;
			files = (
				96D269C02AB9F67E000CCE20 /* Launch Screen.storyboard in Resources */,
				96D2698C2AB76197000CCE20 /* Preview Assets.xcassets in Resources */,
				96D269892AB76197000CCE20 /* Assets.xcassets in Resources */,
			);
			runOnlyForDeploymentPostprocessing = 0;
		};
		96D2698F2AB76197000CCE20 /* Resources */ = {
			isa = PBXResourcesBuildPhase;
			buildActionMask = 2147483647;
			files = (
			);
			runOnlyForDeploymentPostprocessing = 0;
		};
		96D269992AB76197000CCE20 /* Resources */ = {
			isa = PBXResourcesBuildPhase;
			buildActionMask = 2147483647;
			files = (
			);
			runOnlyForDeploymentPostprocessing = 0;
		};
/* End PBXResourcesBuildPhase section */

/* Begin PBXSourcesBuildPhase section */
		96D2697D2AB76196000CCE20 /* Sources */ = {
			isa = PBXSourcesBuildPhase;
			buildActionMask = 2147483647;
			files = (
				96D269B92AB81426000CCE20 /* ItemModel.swift in Sources */,
				96D269B62AB774FF000CCE20 /* AddView.swift in Sources */,
				96D269BC2AB8A02D000CCE20 /* ListViewModel.swift in Sources */,
				96D269852AB76196000CCE20 /* TodoListApp.swift in Sources */,
				96D269B02AB769B9000CCE20 /* ListView.swift in Sources */,
				96D269BE2AB9E542000CCE20 /* NoItemsView.swift in Sources */,
				96D269B42AB7703F000CCE20 /* ListRowView.swift in Sources */,
			);
			runOnlyForDeploymentPostprocessing = 0;
		};
		96D2698D2AB76197000CCE20 /* Sources */ = {
			isa = PBXSourcesBuildPhase;
			buildActionMask = 2147483647;
			files = (
				96D269962AB76197000CCE20 /* TodoListTests.swift in Sources */,
			);
			runOnlyForDeploymentPostprocessing = 0;
		};
		96D269972AB76197000CCE20 /* Sources */ = {
			isa = PBXSourcesBuildPhase;
			buildActionMask = 2147483647;
			files = (
				96D269A22AB76197000CCE20 /* TodoListUITestsLaunchTests.swift in Sources */,
				96D269A02AB76197000CCE20 /* TodoListUITests.swift in Sources */,
			);
			runOnlyForDeploymentPostprocessing = 0;
		};
/* End PBXSourcesBuildPhase section */

/* Begin PBXTargetDependency section */
		96D269932AB76197000CCE20 /* PBXTargetDependency */ = {
			isa = PBXTargetDependency;
			target = 96D269802AB76196000CCE20 /* TodoList */;
			targetProxy = 96D269922AB76197000CCE20 /* PBXContainerItemProxy */;
		};
		96D2699D2AB76197000CCE20 /* PBXTargetDependency */ = {
			isa = PBXTargetDependency;
			target = 96D269802AB76196000CCE20 /* TodoList */;
			targetProxy = 96D2699C2AB76197000CCE20 /* PBXContainerItemProxy */;
		};
/* End PBXTargetDependency section */

/* Begin XCBuildConfiguration section */
		96D269A32AB76197000CCE20 /* Debug */ = {
			isa = XCBuildConfiguration;
			buildSettings = {
				ALWAYS_SEARCH_USER_PATHS = NO;
				ASSETCATALOG_COMPILER_GENERATE_SWIFT_ASSET_SYMBOL_EXTENSIONS = YES;
				CLANG_ANALYZER_NONNULL = YES;
				CLANG_ANALYZER_NUMBER_OBJECT_CONVERSION = YES_AGGRESSIVE;
				CLANG_CXX_LANGUAGE_STANDARD = "gnu++20";
				CLANG_ENABLE_MODULES = YES;
				CLANG_ENABLE_OBJC_ARC = YES;
				CLANG_ENABLE_OBJC_WEAK = YES;
				CLANG_WARN_BLOCK_CAPTURE_AUTORELEASING = YES;
				CLANG_WARN_BOOL_CONVERSION = YES;
				CLANG_WARN_COMMA = YES;
				CLANG_WARN_CONSTANT_CONVERSION = YES;
				CLANG_WARN_DEPRECATED_OBJC_IMPLEMENTATIONS = YES;
				CLANG_WARN_DIRECT_OBJC_ISA_USAGE = YES_ERROR;
				CLANG_WARN_DOCUMENTATION_COMMENTS = YES;
				CLANG_WARN_EMPTY_BODY = YES;
				CLANG_WARN_ENUM_CONVERSION = YES;
				CLANG_WARN_INFINITE_RECURSION = YES;
				CLANG_WARN_INT_CONVERSION = YES;
				CLANG_WARN_NON_LITERAL_NULL_CONVERSION = YES;
				CLANG_WARN_OBJC_IMPLICIT_RETAIN_SELF = YES;
				CLANG_WARN_OBJC_LITERAL_CONVERSION = YES;
				CLANG_WARN_OBJC_ROOT_CLASS = YES_ERROR;
				CLANG_WARN_QUOTED_INCLUDE_IN_FRAMEWORK_HEADER = YES;
				CLANG_WARN_RANGE_LOOP_ANALYSIS = YES;
				CLANG_WARN_STRICT_PROTOTYPES = YES;
				CLANG_WARN_SUSPICIOUS_MOVE = YES;
				CLANG_WARN_UNGUARDED_AVAILABILITY = YES_AGGRESSIVE;
				CLANG_WARN_UNREACHABLE_CODE = YES;
				CLANG_WARN__DUPLICATE_METHOD_MATCH = YES;
				COPY_PHASE_STRIP = NO;
				DEBUG_INFORMATION_FORMAT = dwarf;
				ENABLE_STRICT_OBJC_MSGSEND = YES;
				ENABLE_TESTABILITY = YES;
				ENABLE_USER_SCRIPT_SANDBOXING = YES;
				GCC_C_LANGUAGE_STANDARD = gnu17;
				GCC_DYNAMIC_NO_PIC = NO;
				GCC_NO_COMMON_BLOCKS = YES;
				GCC_OPTIMIZATION_LEVEL = 0;
				GCC_PREPROCESSOR_DEFINITIONS = (
					"DEBUG=1",
					"$(inherited)",
				);
				GCC_WARN_64_TO_32_BIT_CONVERSION = YES;
				GCC_WARN_ABOUT_RETURN_TYPE = YES_ERROR;
				GCC_WARN_UNDECLARED_SELECTOR = YES;
				GCC_WARN_UNINITIALIZED_AUTOS = YES_AGGRESSIVE;
				GCC_WARN_UNUSED_FUNCTION = YES;
				GCC_WARN_UNUSED_VARIABLE = YES;
				IPHONEOS_DEPLOYMENT_TARGET = 17.0;
				LOCALIZATION_PREFERS_STRING_CATALOGS = YES;
				MTL_ENABLE_DEBUG_INFO = INCLUDE_SOURCE;
				MTL_FAST_MATH = YES;
				ONLY_ACTIVE_ARCH = YES;
				SDKROOT = iphoneos;
				SWIFT_ACTIVE_COMPILATION_CONDITIONS = "DEBUG $(inherited)";
				SWIFT_OPTIMIZATION_LEVEL = "-Onone";
			};
			name = Debug;
		};
		96D269A42AB76197000CCE20 /* Release */ = {
			isa = XCBuildConfiguration;
			buildSettings = {
				ALWAYS_SEARCH_USER_PATHS = NO;
				ASSETCATALOG_COMPILER_GENERATE_SWIFT_ASSET_SYMBOL_EXTENSIONS = YES;
				CLANG_ANALYZER_NONNULL = YES;
				CLANG_ANALYZER_NUMBER_OBJECT_CONVERSION = YES_AGGRESSIVE;
				CLANG_CXX_LANGUAGE_STANDARD = "gnu++20";
				CLANG_ENABLE_MODULES = YES;
				CLANG_ENABLE_OBJC_ARC = YES;
				CLANG_ENABLE_OBJC_WEAK = YES;
				CLANG_WARN_BLOCK_CAPTURE_AUTORELEASING = YES;
				CLANG_WARN_BOOL_CONVERSION = YES;
				CLANG_WARN_COMMA = YES;
				CLANG_WARN_CONSTANT_CONVERSION = YES;
				CLANG_WARN_DEPRECATED_OBJC_IMPLEMENTATIONS = YES;
				CLANG_WARN_DIRECT_OBJC_ISA_USAGE = YES_ERROR;
				CLANG_WARN_DOCUMENTATION_COMMENTS = YES;
				CLANG_WARN_EMPTY_BODY = YES;
				CLANG_WARN_ENUM_CONVERSION = YES;
				CLANG_WARN_INFINITE_RECURSION = YES;
				CLANG_WARN_INT_CONVERSION = YES;
				CLANG_WARN_NON_LITERAL_NULL_CONVERSION = YES;
				CLANG_WARN_OBJC_IMPLICIT_RETAIN_SELF = YES;
				CLANG_WARN_OBJC_LITERAL_CONVERSION = YES;
				CLANG_WARN_OBJC_ROOT_CLASS = YES_ERROR;
				CLANG_WARN_QUOTED_INCLUDE_IN_FRAMEWORK_HEADER = YES;
				CLANG_WARN_RANGE_LOOP_ANALYSIS = YES;
				CLANG_WARN_STRICT_PROTOTYPES = YES;
				CLANG_WARN_SUSPICIOUS_MOVE = YES;
				CLANG_WARN_UNGUARDED_AVAILABILITY = YES_AGGRESSIVE;
				CLANG_WARN_UNREACHABLE_CODE = YES;
				CLANG_WARN__DUPLICATE_METHOD_MATCH = YES;
				COPY_PHASE_STRIP = NO;
				DEBUG_INFORMATION_FORMAT = "dwarf-with-dsym";
				ENABLE_NS_ASSERTIONS = NO;
				ENABLE_STRICT_OBJC_MSGSEND = YES;
				ENABLE_USER_SCRIPT_SANDBOXING = YES;
				GCC_C_LANGUAGE_STANDARD = gnu17;
				GCC_NO_COMMON_BLOCKS = YES;
				GCC_WARN_64_TO_32_BIT_CONVERSION = YES;
				GCC_WARN_ABOUT_RETURN_TYPE = YES_ERROR;
				GCC_WARN_UNDECLARED_SELECTOR = YES;
				GCC_WARN_UNINITIALIZED_AUTOS = YES_AGGRESSIVE;
				GCC_WARN_UNUSED_FUNCTION = YES;
				GCC_WARN_UNUSED_VARIABLE = YES;
				IPHONEOS_DEPLOYMENT_TARGET = 17.0;
				LOCALIZATION_PREFERS_STRING_CATALOGS = YES;
				MTL_ENABLE_DEBUG_INFO = NO;
				MTL_FAST_MATH = YES;
				SDKROOT = iphoneos;
				SWIFT_COMPILATION_MODE = wholemodule;
				VALIDATE_PRODUCT = YES;
			};
			name = Release;
		};
		96D269A62AB76197000CCE20 /* Debug */ = {
			isa = XCBuildConfiguration;
			buildSettings = {
				ASSETCATALOG_COMPILER_APPICON_NAME = AppIcon;
				ASSETCATALOG_COMPILER_GLOBAL_ACCENT_COLOR_NAME = AccentColor;
				CODE_SIGN_STYLE = Automatic;
				CURRENT_PROJECT_VERSION = 1;
				DEVELOPMENT_ASSET_PATHS = "\"TodoList/Preview Content\"";
				ENABLE_PREVIEWS = YES;
				GENERATE_INFOPLIST_FILE = YES;
				INFOPLIST_KEY_CFBundleDisplayName = TodoList;
				INFOPLIST_KEY_UIApplicationSceneManifest_Generation = YES;
				INFOPLIST_KEY_UIApplicationSupportsIndirectInputEvents = YES;
				INFOPLIST_KEY_UILaunchScreen_Generation = YES;
				INFOPLIST_KEY_UILaunchStoryboardName = "Launch Screen.storyboard";
				INFOPLIST_KEY_UISupportedInterfaceOrientations_iPad = "UIInterfaceOrientationPortrait UIInterfaceOrientationPortraitUpsideDown UIInterfaceOrientationLandscapeLeft UIInterfaceOrientationLandscapeRight";
				INFOPLIST_KEY_UISupportedInterfaceOrientations_iPhone = "UIInterfaceOrientationPortrait UIInterfaceOrientationLandscapeLeft UIInterfaceOrientationLandscapeRight";
				LD_RUNPATH_SEARCH_PATHS = (
					"$(inherited)",
					"@executable_path/Frameworks",
				);
				MARKETING_VERSION = 1.0;
				PRODUCT_BUNDLE_IDENTIFIER = com.yangwushuo.TodoList;
				PRODUCT_NAME = "$(TARGET_NAME)";
				SUPPORTED_PLATFORMS = "iphoneos iphonesimulator";
				SUPPORTS_MACCATALYST = NO;
				SUPPORTS_MAC_DESIGNED_FOR_IPHONE_IPAD = NO;
				SUPPORTS_XR_DESIGNED_FOR_IPHONE_IPAD = NO;
				SWIFT_EMIT_LOC_STRINGS = YES;
				SWIFT_VERSION = 5.0;
				TARGETED_DEVICE_FAMILY = 1;
			};
			name = Debug;
		};
		96D269A72AB76197000CCE20 /* Release */ = {
			isa = XCBuildConfiguration;
			buildSettings = {
				ASSETCATALOG_COMPILER_APPICON_NAME = AppIcon;
				ASSETCATALOG_COMPILER_GLOBAL_ACCENT_COLOR_NAME = AccentColor;
				CODE_SIGN_STYLE = Automatic;
				CURRENT_PROJECT_VERSION = 1;
				DEVELOPMENT_ASSET_PATHS = "\"TodoList/Preview Content\"";
				ENABLE_PREVIEWS = YES;
				GENERATE_INFOPLIST_FILE = YES;
				INFOPLIST_KEY_CFBundleDisplayName = TodoList;
				INFOPLIST_KEY_UIApplicationSceneManifest_Generation = YES;
				INFOPLIST_KEY_UIApplicationSupportsIndirectInputEvents = YES;
				INFOPLIST_KEY_UILaunchScreen_Generation = YES;
				INFOPLIST_KEY_UILaunchStoryboardName = "Launch Screen.storyboard";
				INFOPLIST_KEY_UISupportedInterfaceOrientations_iPad = "UIInterfaceOrientationPortrait UIInterfaceOrientationPortraitUpsideDown UIInterfaceOrientationLandscapeLeft UIInterfaceOrientationLandscapeRight";
				INFOPLIST_KEY_UISupportedInterfaceOrientations_iPhone = "UIInterfaceOrientationPortrait UIInterfaceOrientationLandscapeLeft UIInterfaceOrientationLandscapeRight";
				LD_RUNPATH_SEARCH_PATHS = (
					"$(inherited)",
					"@executable_path/Frameworks",
				);
				MARKETING_VERSION = 1.0;
				PRODUCT_BUNDLE_IDENTIFIER = com.yangwushuo.TodoList;
				PRODUCT_NAME = "$(TARGET_NAME)";
				SUPPORTED_PLATFORMS = "iphoneos iphonesimulator";
				SUPPORTS_MACCATALYST = NO;
				SUPPORTS_MAC_DESIGNED_FOR_IPHONE_IPAD = NO;
				SUPPORTS_XR_DESIGNED_FOR_IPHONE_IPAD = NO;
				SWIFT_EMIT_LOC_STRINGS = YES;
				SWIFT_VERSION = 5.0;
				TARGETED_DEVICE_FAMILY = 1;
			};
			name = Release;
		};
		96D269A92AB76197000CCE20 /* Debug */ = {
			isa = XCBuildConfiguration;
			buildSettings = {
				ALWAYS_EMBED_SWIFT_STANDARD_LIBRARIES = YES;
				BUNDLE_LOADER = "$(TEST_HOST)";
				CODE_SIGN_STYLE = Automatic;
				CURRENT_PROJECT_VERSION = 1;
				GENERATE_INFOPLIST_FILE = YES;
				IPHONEOS_DEPLOYMENT_TARGET = 17.0;
				MARKETING_VERSION = 1.0;
				PRODUCT_BUNDLE_IDENTIFIER = com.yangwushuo.TodoListTests;
				PRODUCT_NAME = "$(TARGET_NAME)";
				SWIFT_EMIT_LOC_STRINGS = NO;
				SWIFT_VERSION = 5.0;
				TARGETED_DEVICE_FAMILY = "1,2";
				TEST_HOST = "$(BUILT_PRODUCTS_DIR)/TodoList.app/$(BUNDLE_EXECUTABLE_FOLDER_PATH)/TodoList";
			};
			name = Debug;
		};
		96D269AA2AB76197000CCE20 /* Release */ = {
			isa = XCBuildConfiguration;
			buildSettings = {
				ALWAYS_EMBED_SWIFT_STANDARD_LIBRARIES = YES;
				BUNDLE_LOADER = "$(TEST_HOST)";
				CODE_SIGN_STYLE = Automatic;
				CURRENT_PROJECT_VERSION = 1;
				GENERATE_INFOPLIST_FILE = YES;
				IPHONEOS_DEPLOYMENT_TARGET = 17.0;
				MARKETING_VERSION = 1.0;
				PRODUCT_BUNDLE_IDENTIFIER = com.yangwushuo.TodoListTests;
				PRODUCT_NAME = "$(TARGET_NAME)";
				SWIFT_EMIT_LOC_STRINGS = NO;
				SWIFT_VERSION = 5.0;
				TARGETED_DEVICE_FAMILY = "1,2";
				TEST_HOST = "$(BUILT_PRODUCTS_DIR)/TodoList.app/$(BUNDLE_EXECUTABLE_FOLDER_PATH)/TodoList";
			};
			name = Release;
		};
		96D269AC2AB76197000CCE20 /* Debug */ = {
			isa = XCBuildConfiguration;
			buildSettings = {
				ALWAYS_EMBED_SWIFT_STANDARD_LIBRARIES = YES;
				CODE_SIGN_STYLE = Automatic;
				CURRENT_PROJECT_VERSION = 1;
				GENERATE_INFOPLIST_FILE = YES;
				MARKETING_VERSION = 1.0;
				PRODUCT_BUNDLE_IDENTIFIER = com.yangwushuo.TodoListUITests;
				PRODUCT_NAME = "$(TARGET_NAME)";
				SWIFT_EMIT_LOC_STRINGS = NO;
				SWIFT_VERSION = 5.0;
				TARGETED_DEVICE_FAMILY = "1,2";
				TEST_TARGET_NAME = TodoList;
			};
			name = Debug;
		};
		96D269AD2AB76197000CCE20 /* Release */ = {
			isa = XCBuildConfiguration;
			buildSettings = {
				ALWAYS_EMBED_SWIFT_STANDARD_LIBRARIES = YES;
				CODE_SIGN_STYLE = Automatic;
				CURRENT_PROJECT_VERSION = 1;
				GENERATE_INFOPLIST_FILE = YES;
				MARKETING_VERSION = 1.0;
				PRODUCT_BUNDLE_IDENTIFIER = com.yangwushuo.TodoListUITests;
				PRODUCT_NAME = "$(TARGET_NAME)";
				SWIFT_EMIT_LOC_STRINGS = NO;
				SWIFT_VERSION = 5.0;
				TARGETED_DEVICE_FAMILY = "1,2";
				TEST_TARGET_NAME = TodoList;
			};
			name = Release;
		};
/* End XCBuildConfiguration section */

/* Begin XCConfigurationList section */
		96D2697C2AB76196000CCE20 /* Build configuration list for PBXProject "TodoList" */ = {
			isa = XCConfigurationList;
			buildConfigurations = (
				96D269A32AB76197000CCE20 /* Debug */,
				96D269A42AB76197000CCE20 /* Release */,
			);
			defaultConfigurationIsVisible = 0;
			defaultConfigurationName = Release;
		};
		96D269A52AB76197000CCE20 /* Build configuration list for PBXNativeTarget "TodoList" */ = {
			isa = XCConfigurationList;
			buildConfigurations = (
				96D269A62AB76197000CCE20 /* Debug */,
				96D269A72AB76197000CCE20 /* Release */,
			);
			defaultConfigurationIsVisible = 0;
			defaultConfigurationName = Release;
		};
		96D269A82AB76197000CCE20 /* Build configuration list for PBXNativeTarget "TodoListTests" */ = {
			isa = XCConfigurationList;
			buildConfigurations = (
				96D269A92AB76197000CCE20 /* Debug */,
				96D269AA2AB76197000CCE20 /* Release */,
			);
			defaultConfigurationIsVisible = 0;
			defaultConfigurationName = Release;
		};
		96D269AB2AB76197000CCE20 /* Build configuration list for PBXNativeTarget "TodoListUITests" */ = {
			isa = XCConfigurationList;
			buildConfigurations = (
				96D269AC2AB76197000CCE20 /* Debug */,
				96D269AD2AB76197000CCE20 /* Release */,
			);
			defaultConfigurationIsVisible = 0;
			defaultConfigurationName = Release;
		};
/* End XCConfigurationList section */
	};
	rootObject = 96D269792AB76196000CCE20 /* Project object */;
}
